
Microsoft Visual Studio Solution File, Format Version 12.00
# Visual Studio Version 16
VisualStudioVersion = 16.0.31424.327
MinimumVisualStudioVersion = 10.0.40219.1
Project("{FAE04EC0-301F-11D3-BF4B-00C04F79EFBC}") = "SumOf3", "SumOf3\SumOf3.csproj", "{C430F105-44C2-4023-87FD-E9CF8F8CF9BC}"
EndProject
Global
	GlobalSection(SolutionConfigurationPlatforms) = preSolution
		Debug|Any CPU = Debug|Any CPU
		Release|Any CPU = Release|Any CPU
	EndGlobalSection
	GlobalSection(ProjectConfigurationPlatforms) = postSolution
		{C430F105-44C2-4023-87FD-E9CF8F8CF9BC}.Debug|Any CPU.ActiveCfg = Debug|Any CPU
		{C430F105-44C2-4023-87FD-E9CF8F8CF9BC}.Debug|Any CPU.Build.0 = Debug|Any CPU
		{C430F105-44C2-4023-87FD-E9CF8F8CF9BC}.Release|Any CPU.ActiveCfg = Release|Any CPU
		{C430F105-44C2-4023-87FD-E9CF8F8CF9BC}.Release|Any CPU.Build.0 = Release|Any CPU
	EndGlobalSection
	GlobalSection(SolutionProperties) = preSolution
		HideSolutionNode = FALSE
	EndGlobalSection
	GlobalSection(ExtensibilityGlobals) = postSolution
		SolutionGuid = {7E1AAC95-5B58-404E-BC03-B9BB11705B2E}
	EndGlobalSection
EndGlobal
