
Microsoft Visual Studio Solution File, Format Version 12.00
# Visual Studio Version 16
VisualStudioVersion = 16.0.31424.327
MinimumVisualStudioVersion = 10.0.40219.1
Project("{FAE04EC0-301F-11D3-BF4B-00C04F79EFBC}") = "Conditional_Coin_Toss", "Conditional_Coin_Toss\Conditional_Coin_Toss.csproj", "{03CA98E6-928E-4C72-A9DD-92696C955461}"
EndProject
Global
	GlobalSection(SolutionConfigurationPlatforms) = preSolution
		Debug|Any CPU = Debug|Any CPU
		Release|Any CPU = Release|Any CPU
	EndGlobalSection
	GlobalSection(ProjectConfigurationPlatforms) = postSolution
		{03CA98E6-928E-4C72-A9DD-92696C955461}.Debug|Any CPU.ActiveCfg = Debug|Any CPU
		{03CA98E6-928E-4C72-A9DD-92696C955461}.Debug|Any CPU.Build.0 = Debug|Any CPU
		{03CA98E6-928E-4C72-A9DD-92696C955461}.Release|Any CPU.ActiveCfg = Release|Any CPU
		{03CA98E6-928E-4C72-A9DD-92696C955461}.Release|Any CPU.Build.0 = Release|Any CPU
	EndGlobalSection
	GlobalSection(SolutionProperties) = preSolution
		HideSolutionNode = FALSE
	EndGlobalSection
	GlobalSection(ExtensibilityGlobals) = postSolution
		SolutionGuid = {883AF607-1113-438A-87EB-53DF80907FCA}
	EndGlobalSection
EndGlobal
