
Microsoft Visual Studio Solution File, Format Version 12.00
# Visual Studio Version 16
VisualStudioVersion = 16.0.31515.178
MinimumVisualStudioVersion = 10.0.40219.1
Project("{FAE04EC0-301F-11D3-BF4B-00C04F79EFBC}") = "Classes_Cereal_(read_in_a_File)", "Classes_Cereal_(read_in_a_File)\Classes_Cereal_(read_in_a_File).csproj", "{A6912F5F-B3EC-46E7-B638-774059BD4706}"
EndProject
Global
	GlobalSection(SolutionConfigurationPlatforms) = preSolution
		Debug|Any CPU = Debug|Any CPU
		Release|Any CPU = Release|Any CPU
	EndGlobalSection
	GlobalSection(ProjectConfigurationPlatforms) = postSolution
		{A6912F5F-B3EC-46E7-B638-774059BD4706}.Debug|Any CPU.ActiveCfg = Debug|Any CPU
		{A6912F5F-B3EC-46E7-B638-774059BD4706}.Debug|Any CPU.Build.0 = Debug|Any CPU
		{A6912F5F-B3EC-46E7-B638-774059BD4706}.Release|Any CPU.ActiveCfg = Release|Any CPU
		{A6912F5F-B3EC-46E7-B638-774059BD4706}.Release|Any CPU.Build.0 = Release|Any CPU
	EndGlobalSection
	GlobalSection(SolutionProperties) = preSolution
		HideSolutionNode = FALSE
	EndGlobalSection
	GlobalSection(ExtensibilityGlobals) = postSolution
		SolutionGuid = {F7C34975-4A8E-4382-90E4-862578B33E17}
	EndGlobalSection
EndGlobal
